# THIS IS AN AUTOGENERATED FILE. DO NOT EDIT THIS FILE DIRECTLY.
# yarn lockfile v1


argparse@^1.0.7:
  version "1.0.10"
  resolved "https://registry.yarnpkg.com/argparse/-/argparse-1.0.10.tgz#bcd6791ea5ae09725e17e5ad988134cd40b3d911"
  dependencies:
    sprintf-js "~1.0.2"

base64-arraybuffer-es6@0.3.1:
  version "0.3.1"
  resolved "https://registry.yarnpkg.com/base64-arraybuffer-es6/-/base64-arraybuffer-es6-0.3.1.tgz#fdf0e382f4e2f56caf881f48ee0ce01ae79afe48"

bson@^1.1.0:
  version "1.1.0"
  resolved "https://registry.yarnpkg.com/bson/-/bson-1.1.0.tgz#bee57d1fb6a87713471af4e32bcae36de814b5b0"

bson@~1.0.4:
  version "1.0.9"
  resolved "https://registry.yarnpkg.com/bson/-/bson-1.0.9.tgz#12319f8323b1254739b7c6bef8d3e89ae05a2f57"

core-js@^2.4.1, core-js@^2.5.3:
  version "2.5.7"
  resolved "https://registry.yarnpkg.com/core-js/-/core-js-2.5.7.tgz#f972608ff0cead68b841a16a932d0b183791814e"

domexception@^1.0.1:
  version "1.0.1"
  resolved "https://registry.yarnpkg.com/domexception/-/domexception-1.0.1.tgz#937442644ca6a31261ef36e3ec677fe805582c90"
  dependencies:
    webidl-conversions "^4.0.2"

esprima@^4.0.0:
  version "4.0.1"
  resolved "https://registry.yarnpkg.com/esprima/-/esprima-4.0.1.tgz#13b04cdb3e6c5d19df91ab6987a8695619b0aa71"

fake-indexeddb@^2.0.4:
  version "2.0.4"
  resolved "https://registry.yarnpkg.com/fake-indexeddb/-/fake-indexeddb-2.0.4.tgz#401715deb7fc9501866c9f329bde7742599e2de8"
  dependencies:
    core-js "^2.4.1"
    realistic-structured-clone "^2.0.1"
    setimmediate "^1.0.5"

js-yaml@^3.11.0:
  version "3.12.0"
  resolved "https://registry.yarnpkg.com/js-yaml/-/js-yaml-3.12.0.tgz#eaed656ec8344f10f527c6bfa1b6e2244de167d1"
  dependencies:
    argparse "^1.0.7"
    esprima "^4.0.0"

lodash.sortby@^4.7.0:
  version "4.7.0"
  resolved "https://registry.yarnpkg.com/lodash.sortby/-/lodash.sortby-4.7.0.tgz#edd14c824e2cc9c1e0b0a1b42bb5210516a42438"

lodash@^4.17.10:
  version "4.17.11"
  resolved "https://registry.yarnpkg.com/lodash/-/lodash-4.17.11.tgz#b39ea6229ef607ecd89e2c8df12536891cac9b8d"

memory-pager@^1.0.2:
  version "1.1.0"
  resolved "https://registry.yarnpkg.com/memory-pager/-/memory-pager-1.1.0.tgz#9308915e0e972849fefbae6f8bc95d6b350e7344"

mngo@0.0.2:
  version "0.0.2"
  resolved "https://registry.yarnpkg.com/mngo/-/mngo-0.0.2.tgz#ffd1dda6f60ce3b11be6fb639d07dfb43be585f7"
  dependencies:
    mongodb "~3.0.8"

mongodb-core@3.0.11:
  version "3.0.11"
  resolved "https://registry.yarnpkg.com/mongodb-core/-/mongodb-core-3.0.11.tgz#737c496119aebbf3548d3fc7553266e56c826c77"
  dependencies:
    bson "~1.0.4"
    require_optional "^1.0.1"

mongodb-core@3.1.5:
  version "3.1.5"
  resolved "https://registry.yarnpkg.com/mongodb-core/-/mongodb-core-3.1.5.tgz#59ca67d7f6cea570d5437624a7afec8d752d477a"
  dependencies:
    bson "^1.1.0"
    require_optional "^1.0.1"
    safe-buffer "^5.1.2"
  optionalDependencies:
    saslprep "^1.0.0"

mongodb@^3.0.10:
  version "3.1.6"
  resolved "https://registry.yarnpkg.com/mongodb/-/mongodb-3.1.6.tgz#6054641973b5bf5b5ae1c67dcbcf8fa88280273d"
  dependencies:
    mongodb-core "3.1.5"
    safe-buffer "^5.1.2"

mongodb@~3.0.8:
  version "3.0.11"
  resolved "https://registry.yarnpkg.com/mongodb/-/mongodb-3.0.11.tgz#f09163b8928e8eb2fc0240b5a0e557e806947954"
  dependencies:
    mongodb-core "3.0.11"

pluralize@^7.0.0:
  version "7.0.0"
  resolved "https://registry.yarnpkg.com/pluralize/-/pluralize-7.0.0.tgz#298b89df8b93b0221dbf421ad2b1b1ea23fc6777"

punycode@^2.1.0:
  version "2.1.1"
  resolved "https://registry.yarnpkg.com/punycode/-/punycode-2.1.1.tgz#b58b010ac40c22c5657616c8d2c2c02c7bf479ec"

realistic-structured-clone@^2.0.1:
  version "2.0.2"
  resolved "https://registry.yarnpkg.com/realistic-structured-clone/-/realistic-structured-clone-2.0.2.tgz#2f8ec225b1f9af20efc79ac96a09043704414959"
  dependencies:
    core-js "^2.5.3"
    domexception "^1.0.1"
    typeson "^5.8.2"
    typeson-registry "^1.0.0-alpha.20"

require_optional@^1.0.1:
  version "1.0.1"
  resolved "https://registry.yarnpkg.com/require_optional/-/require_optional-1.0.1.tgz#4cf35a4247f64ca3df8c2ef208cc494b1ca8fc2e"
  dependencies:
    resolve-from "^2.0.0"
    semver "^5.1.0"

resolve-from@^2.0.0:
  version "2.0.0"
  resolved "https://registry.yarnpkg.com/resolve-from/-/resolve-from-2.0.0.tgz#9480ab20e94ffa1d9e80a804c7ea147611966b57"

safe-buffer@^5.1.2:
  version "5.1.2"
  resolved "https://registry.yarnpkg.com/safe-buffer/-/safe-buffer-5.1.2.tgz#991ec69d296e0313747d59bdfd2b745c35f8828d"

saslprep@^1.0.0:
  version "1.0.2"
  resolved "https://registry.yarnpkg.com/saslprep/-/saslprep-1.0.2.tgz#da5ab936e6ea0bbae911ffec77534be370c9f52d"
  dependencies:
    sparse-bitfield "^3.0.3"

semver@^5.1.0:
  version "5.5.1"
  resolved "https://registry.yarnpkg.com/semver/-/semver-5.5.1.tgz#7dfdd8814bdb7cabc7be0fb1d734cfb66c940477"

setimmediate@^1.0.5:
  version "1.0.5"
  resolved "https://registry.yarnpkg.com/setimmediate/-/setimmediate-1.0.5.tgz#290cbb232e306942d7d7ea9b83732ab7856f8285"

sparse-bitfield@^3.0.3:
  version "3.0.3"
  resolved "https://registry.yarnpkg.com/sparse-bitfield/-/sparse-bitfield-3.0.3.tgz#ff4ae6e68656056ba4b3e792ab3334d38273ca11"
  dependencies:
    memory-pager "^1.0.2"

sprintf-js@~1.0.2:
  version "1.0.3"
  resolved "https://registry.yarnpkg.com/sprintf-js/-/sprintf-js-1.0.3.tgz#04e6926f662895354f3dd015203633b857297e2c"

tr46@^1.0.0:
  version "1.0.1"
  resolved "https://registry.yarnpkg.com/tr46/-/tr46-1.0.1.tgz#a8b13fd6bfd2489519674ccde55ba3693b706d09"
  dependencies:
    punycode "^2.1.0"

typeson-registry@^1.0.0-alpha.20:
  version "1.0.0-alpha.21"
  resolved "https://registry.yarnpkg.com/typeson-registry/-/typeson-registry-1.0.0-alpha.21.tgz#8a4e31abb471d482aa0306ad56d35af7633a166a"
  dependencies:
    base64-arraybuffer-es6 "0.3.1"
    typeson "5.8.2"
    uuid "3.2.1"
    whatwg-url "6.4.0"

typeson@5.8.2, typeson@^5.8.2:
  version "5.8.2"
  resolved "https://registry.yarnpkg.com/typeson/-/typeson-5.8.2.tgz#cc26f45b705760a8777fba5d3c910cc3f0e8d7dd"

uuid@3.2.1:
  version "3.2.1"
  resolved "https://registry.yarnpkg.com/uuid/-/uuid-3.2.1.tgz#12c528bb9d58d0b9265d9a2f6f0fe8be17ff1f14"

vm2@^3.6.0:
  version "3.6.3"
  resolved "https://registry.yarnpkg.com/vm2/-/vm2-3.6.3.tgz#6dd426bb67a387d03055c5d276720f3f23203b72"

webidl-conversions@^4.0.1, webidl-conversions@^4.0.2:
  version "4.0.2"
  resolved "https://registry.yarnpkg.com/webidl-conversions/-/webidl-conversions-4.0.2.tgz#a855980b1f0b6b359ba1d5d9fb39ae941faa63ad"

whatwg-url@6.4.0:
  version "6.4.0"
  resolved "https://registry.yarnpkg.com/whatwg-url/-/whatwg-url-6.4.0.tgz#08fdf2b9e872783a7a1f6216260a1d66cc722e08"
  dependencies:
    lodash.sortby "^4.7.0"
    tr46 "^1.0.0"
    webidl-conversions "^4.0.1"
